
Microsoft Visual Studio Solution File, Format Version 12.00
# Visual Studio Version 17
VisualStudioVersion = 17.8.34511.84
MinimumVisualStudioVersion = 10.0.40219.1
Project("{9A19103F-16F7-4668-BE54-9A1E7A4F7556}") = "PKHeX.EncounterSlotDumper", "PKHeX.EncounterSlotDumper.csproj", "{9DC8BD72-F86B-4CC2-A76F-8D723720AE6E}"
EndProject
Global
	GlobalSection(SolutionConfigurationPlatforms) = preSolution
		Debug|Any CPU = Debug|Any CPU
		Release|Any CPU = Release|Any CPU
	EndGlobalSection
	GlobalSection(ProjectConfigurationPlatforms) = postSolution
		{9DC8BD72-F86B-4CC2-A76F-8D723720AE6E}.Debug|Any CPU.ActiveCfg = Debug|Any CPU
		{9DC8BD72-F86B-4CC2-A76F-8D723720AE6E}.Debug|Any CPU.Build.0 = Debug|Any CPU
		{9DC8BD72-F86B-4CC2-A76F-8D723720AE6E}.Release|Any CPU.ActiveCfg = Release|Any CPU
		{9DC8BD72-F86B-4CC2-A76F-8D723720AE6E}.Release|Any CPU.Build.0 = Release|Any CPU
	EndGlobalSection
	GlobalSection(SolutionProperties) = preSolution
		HideSolutionNode = FALSE
	EndGlobalSection
	GlobalSection(ExtensibilityGlobals) = postSolution
		SolutionGuid = {878C06BC-3D78-47A1-8DEF-644FA4A248BC}
	EndGlobalSection
EndGlobal
